
Microsoft Visual Studio Solution File, Format Version 12.00
Project("{FAE04EC0-301F-11D3-BF4B-00C04F79EFBC}") = "Chlupikometr", "Chlupikometr.csproj", "{CCD69DF4-FCAB-4BF9-BB3D-A431D8D8FBA1}"
EndProject
Global
	GlobalSection(SolutionConfigurationPlatforms) = preSolution
		Debug|Any CPU = Debug|Any CPU
		Release|Any CPU = Release|Any CPU
	EndGlobalSection
	GlobalSection(ProjectConfigurationPlatforms) = postSolution
		{CCD69DF4-FCAB-4BF9-BB3D-A431D8D8FBA1}.Debug|Any CPU.ActiveCfg = Debug|Any CPU
		{CCD69DF4-FCAB-4BF9-BB3D-A431D8D8FBA1}.Debug|Any CPU.Build.0 = Debug|Any CPU
		{CCD69DF4-FCAB-4BF9-BB3D-A431D8D8FBA1}.Release|Any CPU.ActiveCfg = Release|Any CPU
		{CCD69DF4-FCAB-4BF9-BB3D-A431D8D8FBA1}.Release|Any CPU.Build.0 = Release|Any CPU
	EndGlobalSection
EndGlobal
